// !$*UTF8*$!
{
	archiveVersion = 1;
	classes = {
	};
	objectVersion = 46;
	objects = {

/* Begin PBXBuildFile section */
		7909C65E1FDB0BBE0070A88E /* JRE.framework in Frameworks */ = {isa = PBXBuildFile; fileRef = 7909C65D1FDB0BBE0070A88E /* JRE.framework */; };
		7909C6601FDB0C3A0070A88E /* libiconv.tbd in Frameworks */ = {isa = PBXBuildFile; fileRef = 7909C65F1FDB0C3A0070A88E /* libiconv.tbd */; };
		797290F81FDB3EC40095847A /* SimpleGameFactory.java in Sources */ = {isa = PBXBuildFile; fileRef = 797290EC1FDB3EC30095847A /* SimpleGameFactory.java */; };
		797290F91FDB3EC40095847A /* GameFactory.java in Sources */ = {isa = PBXBuildFile; fileRef = 797290ED1FDB3EC30095847A /* GameFactory.java */; };
		797290FA1FDB3EC40095847A /* SimpleFieldListener.java in Sources */ = {isa = PBXBuildFile; fileRef = 797290EE1FDB3EC30095847A /* SimpleFieldListener.java */; };
		797290FB1FDB3EC40095847A /* IMinesGameListener.java in Sources */ = {isa = PBXBuildFile; fileRef = 797290EF1FDB3EC30095847A /* IMinesGameListener.java */; };
		797290FC1FDB3EC40095847A /* IBoard.java in Sources */ = {isa = PBXBuildFile; fileRef = 797290F01FDB3EC30095847A /* IBoard.java */; };
		797290FD1FDB3EC40095847A /* IStopWatchListener.java in Sources */ = {isa = PBXBuildFile; fileRef = 797290F11FDB3EC30095847A /* IStopWatchListener.java */; };
		797290FE1FDB3EC40095847A /* IStopWatch.java in Sources */ = {isa = PBXBuildFile; fileRef = 797290F21FDB3EC30095847A /* IStopWatch.java */; };
		797290FF1FDB3EC40095847A /* MinesGameAdapter.java in Sources */ = {isa = PBXBuildFile; fileRef = 797290F31FDB3EC40095847A /* MinesGameAdapter.java */; };
		797291001FDB3EC40095847A /* IGame.java in Sources */ = {isa = PBXBuildFile; fileRef = 797290F41FDB3EC40095847A /* IGame.java */; };
		797291011FDB3EC40095847A /* Point.java in Sources */ = {isa = PBXBuildFile; fileRef = 797290F51FDB3EC40095847A /* Point.java */; };
		797291021FDB3EC40095847A /* IFieldListener.java in Sources */ = {isa = PBXBuildFile; fileRef = 797290F61FDB3EC40095847A /* IFieldListener.java */; };
		797291031FDB3EC40095847A /* IField.java in Sources */ = {isa = PBXBuildFile; fileRef = 797290F71FDB3EC40095847A /* IField.java */; };
		797291101FDB3EEB0095847A /* InitialBoardState.java in Sources */ = {isa = PBXBuildFile; fileRef = 797291041FDB3EEA0095847A /* InitialBoardState.java */; };
		797291111FDB3EEB0095847A /* StatePersistence.java in Sources */ = {isa = PBXBuildFile; fileRef = 797291051FDB3EEA0095847A /* StatePersistence.java */; };
		797291121FDB3EEB0095847A /* StopWatch.java in Sources */ = {isa = PBXBuildFile; fileRef = 797291061FDB3EEA0095847A /* StopWatch.java */; };
		797291131FDB3EEB0095847A /* IBoardMiner.java in Sources */ = {isa = PBXBuildFile; fileRef = 797291071FDB3EEA0095847A /* IBoardMiner.java */; };
		797291141FDB3EEB0095847A /* Game.java in Sources */ = {isa = PBXBuildFile; fileRef = 797291081FDB3EEA0095847A /* Game.java */; };
		797291151FDB3EEB0095847A /* Field.java in Sources */ = {isa = PBXBuildFile; fileRef = 797291091FDB3EEB0095847A /* Field.java */; };
		797291161FDB3EEB0095847A /* InitialGameState.java in Sources */ = {isa = PBXBuildFile; fileRef = 7972910A1FDB3EEB0095847A /* InitialGameState.java */; };
		797291171FDB3EEB0095847A /* ExcludeNeighborsBoardMiner.java in Sources */ = {isa = PBXBuildFile; fileRef = 7972910B1FDB3EEB0095847A /* ExcludeNeighborsBoardMiner.java */; };
		797291181FDB3EEB0095847A /* Board.java in Sources */ = {isa = PBXBuildFile; fileRef = 7972910C1FDB3EEB0095847A /* Board.java */; };
		797291191FDB3EEB0095847A /* BoardState.java in Sources */ = {isa = PBXBuildFile; fileRef = 7972910D1FDB3EEB0095847A /* BoardState.java */; };
		7972911A1FDB3EEB0095847A /* SimpleBoardMiner.java in Sources */ = {isa = PBXBuildFile; fileRef = 7972910E1FDB3EEB0095847A /* SimpleBoardMiner.java */; };
		7972911B1FDB3EEB0095847A /* GameState.java in Sources */ = {isa = PBXBuildFile; fileRef = 7972910F1FDB3EEB0095847A /* GameState.java */; };
		86582DD41B8FB54E00DE0D2F /* main.m in Sources */ = {isa = PBXBuildFile; fileRef = 86582DD31B8FB54E00DE0D2F /* main.m */; };
		86582DD71B8FB54E00DE0D2F /* AppDelegate.m in Sources */ = {isa = PBXBuildFile; fileRef = 86582DD61B8FB54E00DE0D2F /* AppDelegate.m */; };
		86582DDA1B8FB54E00DE0D2F /* ViewController.m in Sources */ = {isa = PBXBuildFile; fileRef = 86582DD91B8FB54E00DE0D2F /* ViewController.m */; };
		86582DDF1B8FB54E00DE0D2F /* Images.xcassets in Resources */ = {isa = PBXBuildFile; fileRef = 86582DDE1B8FB54E00DE0D2F /* Images.xcassets */; };
		86582DE21B8FB54E00DE0D2F /* LaunchScreen.xib in Resources */ = {isa = PBXBuildFile; fileRef = 86582DE01B8FB54E00DE0D2F /* LaunchScreen.xib */; };
		86582DEE1B8FB54E00DE0D2F /* MinesTests.m in Sources */ = {isa = PBXBuildFile; fileRef = 86582DED1B8FB54E00DE0D2F /* MinesTests.m */; };
		86582DF91B90CCB200DE0D2F /* MyGameViewController.m in Sources */ = {isa = PBXBuildFile; fileRef = 86582DF81B90CCB200DE0D2F /* MyGameViewController.m */; };
		86582DFC1B90CCC400DE0D2F /* UIBoard.m in Sources */ = {isa = PBXBuildFile; fileRef = 86582DFB1B90CCC400DE0D2F /* UIBoard.m */; };
		86582DFE1B90CDB900DE0D2F /* Main.storyboard in Resources */ = {isa = PBXBuildFile; fileRef = 86582DFD1B90CDB900DE0D2F /* Main.storyboard */; };
		868751BB1C372F0D00D5FE91 /* DIGITALDREAM.ttf in Resources */ = {isa = PBXBuildFile; fileRef = 868751BA1C372F0D00D5FE91 /* DIGITALDREAM.ttf */; };
		B71921E9CD5D672AF1CCB2C5 /* libPods-Mines.a in Frameworks */ = {isa = PBXBuildFile; fileRef = 912458F0BC9F57B4088F8036 /* libPods-Mines.a */; };
/* End PBXBuildFile section */

/* Begin PBXBuildRule section */
		7909C62B1FDAFF960070A88E /* PBXBuildRule */ = {
			isa = PBXBuildRule;
			compilerSpec = com.apple.compilers.proxy.script;
			fileType = sourcecode.java;
			isEditable = 1;
			outputFiles = (
				"${DERIVED_FILES_DIR}/${INPUT_FILE_BASE}.h",
				"${DERIVED_FILES_DIR}/${INPUT_FILE_BASE}.m",
			);
			script = "if [ ! -f \"${J2OBJC_HOME}/j2objc\" ]; then echo \"J2OBJC_HOME is not correctly defined, currently set to '${J2OBJC_HOME}'\"; exit 1; fi;\n\"${J2OBJC_HOME}/j2objc\" -d ${DERIVED_FILES_DIR} -sourcepath /Users/urso/Projects/Novoda/mines/model/src/main/java --no-package-directories -use-arc -g ${INPUT_FILE_PATH};\n";
		};
/* End PBXBuildRule section */

/* Begin PBXContainerItemProxy section */
		86582DE81B8FB54E00DE0D2F /* PBXContainerItemProxy */ = {
			isa = PBXContainerItemProxy;
			containerPortal = 86582DC61B8FB54E00DE0D2F /* Project object */;
			proxyType = 1;
			remoteGlobalIDString = 86582DCD1B8FB54E00DE0D2F;
			remoteInfo = Mines;
		};
/* End PBXContainerItemProxy section */

/* Begin PBXFileReference section */
		7909C65D1FDB0BBE0070A88E /* JRE.framework */ = {isa = PBXFileReference; lastKnownFileType = wrapper.framework; name = JRE.framework; path = "../../../../Downloads/j2objc-2.0.5/frameworks/JRE.framework"; sourceTree = "<group>"; };
		7909C65F1FDB0C3A0070A88E /* libiconv.tbd */ = {isa = PBXFileReference; lastKnownFileType = "sourcecode.text-based-dylib-definition"; name = libiconv.tbd; path = usr/lib/libiconv.tbd; sourceTree = SDKROOT; };
		797290EC1FDB3EC30095847A /* SimpleGameFactory.java */ = {isa = PBXFileReference; lastKnownFileType = sourcecode.java; name = SimpleGameFactory.java; path = ../model/src/main/java/de/devisnik/mine/SimpleGameFactory.java; sourceTree = "<group>"; };
		797290ED1FDB3EC30095847A /* GameFactory.java */ = {isa = PBXFileReference; lastKnownFileType = sourcecode.java; name = GameFactory.java; path = ../model/src/main/java/de/devisnik/mine/GameFactory.java; sourceTree = "<group>"; };
		797290EE1FDB3EC30095847A /* SimpleFieldListener.java */ = {isa = PBXFileReference; lastKnownFileType = sourcecode.java; name = SimpleFieldListener.java; path = ../model/src/main/java/de/devisnik/mine/SimpleFieldListener.java; sourceTree = "<group>"; };
		797290EF1FDB3EC30095847A /* IMinesGameListener.java */ = {isa = PBXFileReference; lastKnownFileType = sourcecode.java; name = IMinesGameListener.java; path = ../model/src/main/java/de/devisnik/mine/IMinesGameListener.java; sourceTree = "<group>"; };
		797290F01FDB3EC30095847A /* IBoard.java */ = {isa = PBXFileReference; lastKnownFileType = sourcecode.java; name = IBoard.java; path = ../model/src/main/java/de/devisnik/mine/IBoard.java; sourceTree = "<group>"; };
		797290F11FDB3EC30095847A /* IStopWatchListener.java */ = {isa = PBXFileReference; lastKnownFileType = sourcecode.java; name = IStopWatchListener.java; path = ../model/src/main/java/de/devisnik/mine/IStopWatchListener.java; sourceTree = "<group>"; };
		797290F21FDB3EC30095847A /* IStopWatch.java */ = {isa = PBXFileReference; lastKnownFileType = sourcecode.java; name = IStopWatch.java; path = ../model/src/main/java/de/devisnik/mine/IStopWatch.java; sourceTree = "<group>"; };
		797290F31FDB3EC40095847A /* MinesGameAdapter.java */ = {isa = PBXFileReference; lastKnownFileType = sourcecode.java; name = MinesGameAdapter.java; path = ../model/src/main/java/de/devisnik/mine/MinesGameAdapter.java; sourceTree = "<group>"; };
		797290F41FDB3EC40095847A /* IGame.java */ = {isa = PBXFileReference; lastKnownFileType = sourcecode.java; name = IGame.java; path = ../model/src/main/java/de/devisnik/mine/IGame.java; sourceTree = "<group>"; };
		797290F51FDB3EC40095847A /* Point.java */ = {isa = PBXFileReference; lastKnownFileType = sourcecode.java; name = Point.java; path = ../model/src/main/java/de/devisnik/mine/Point.java; sourceTree = "<group>"; };
		797290F61FDB3EC40095847A /* IFieldListener.java */ = {isa = PBXFileReference; lastKnownFileType = sourcecode.java; name = IFieldListener.java; path = ../model/src/main/java/de/devisnik/mine/IFieldListener.java; sourceTree = "<group>"; };
		797290F71FDB3EC40095847A /* IField.java */ = {isa = PBXFileReference; lastKnownFileType = sourcecode.java; name = IField.java; path = ../model/src/main/java/de/devisnik/mine/IField.java; sourceTree = "<group>"; };
		797291041FDB3EEA0095847A /* InitialBoardState.java */ = {isa = PBXFileReference; lastKnownFileType = sourcecode.java; name = InitialBoardState.java; path = ../model/src/main/java/de/devisnik/mine/impl/InitialBoardState.java; sourceTree = "<group>"; };
		797291051FDB3EEA0095847A /* StatePersistence.java */ = {isa = PBXFileReference; lastKnownFileType = sourcecode.java; name = StatePersistence.java; path = ../model/src/main/java/de/devisnik/mine/impl/StatePersistence.java; sourceTree = "<group>"; };
		797291061FDB3EEA0095847A /* StopWatch.java */ = {isa = PBXFileReference; lastKnownFileType = sourcecode.java; name = StopWatch.java; path = ../model/src/main/java/de/devisnik/mine/impl/StopWatch.java; sourceTree = "<group>"; };
		797291071FDB3EEA0095847A /* IBoardMiner.java */ = {isa = PBXFileReference; lastKnownFileType = sourcecode.java; name = IBoardMiner.java; path = ../model/src/main/java/de/devisnik/mine/impl/IBoardMiner.java; sourceTree = "<group>"; };
		797291081FDB3EEA0095847A /* Game.java */ = {isa = PBXFileReference; lastKnownFileType = sourcecode.java; name = Game.java; path = ../model/src/main/java/de/devisnik/mine/impl/Game.java; sourceTree = "<group>"; };
		797291091FDB3EEB0095847A /* Field.java */ = {isa = PBXFileReference; lastKnownFileType = sourcecode.java; name = Field.java; path = ../model/src/main/java/de/devisnik/mine/impl/Field.java; sourceTree = "<group>"; };
		7972910A1FDB3EEB0095847A /* InitialGameState.java */ = {isa = PBXFileReference; lastKnownFileType = sourcecode.java; name = InitialGameState.java; path = ../model/src/main/java/de/devisnik/mine/impl/InitialGameState.java; sourceTree = "<group>"; };
		7972910B1FDB3EEB0095847A /* ExcludeNeighborsBoardMiner.java */ = {isa = PBXFileReference; lastKnownFileType = sourcecode.java; name = ExcludeNeighborsBoardMiner.java; path = ../model/src/main/java/de/devisnik/mine/impl/ExcludeNeighborsBoardMiner.java; sourceTree = "<group>"; };
		7972910C1FDB3EEB0095847A /* Board.java */ = {isa = PBXFileReference; lastKnownFileType = sourcecode.java; name = Board.java; path = ../model/src/main/java/de/devisnik/mine/impl/Board.java; sourceTree = "<group>"; };
		7972910D1FDB3EEB0095847A /* BoardState.java */ = {isa = PBXFileReference; lastKnownFileType = sourcecode.java; name = BoardState.java; path = ../model/src/main/java/de/devisnik/mine/impl/BoardState.java; sourceTree = "<group>"; };
		7972910E1FDB3EEB0095847A /* SimpleBoardMiner.java */ = {isa = PBXFileReference; lastKnownFileType = sourcecode.java; name = SimpleBoardMiner.java; path = ../model/src/main/java/de/devisnik/mine/impl/SimpleBoardMiner.java; sourceTree = "<group>"; };
		7972910F1FDB3EEB0095847A /* GameState.java */ = {isa = PBXFileReference; lastKnownFileType = sourcecode.java; name = GameState.java; path = ../model/src/main/java/de/devisnik/mine/impl/GameState.java; sourceTree = "<group>"; };
		86582DCE1B8FB54E00DE0D2F /* Mines.app */ = {isa = PBXFileReference; explicitFileType = wrapper.application; includeInIndex = 0; path = Mines.app; sourceTree = BUILT_PRODUCTS_DIR; };
		86582DD21B8FB54E00DE0D2F /* Info.plist */ = {isa = PBXFileReference; lastKnownFileType = text.plist.xml; path = Info.plist; sourceTree = "<group>"; };
		86582DD31B8FB54E00DE0D2F /* main.m */ = {isa = PBXFileReference; lastKnownFileType = sourcecode.c.objc; path = main.m; sourceTree = "<group>"; };
		86582DD51B8FB54E00DE0D2F /* AppDelegate.h */ = {isa = PBXFileReference; lastKnownFileType = sourcecode.c.h; path = AppDelegate.h; sourceTree = "<group>"; };
		86582DD61B8FB54E00DE0D2F /* AppDelegate.m */ = {isa = PBXFileReference; lastKnownFileType = sourcecode.c.objc; path = AppDelegate.m; sourceTree = "<group>"; };
		86582DD81B8FB54E00DE0D2F /* ViewController.h */ = {isa = PBXFileReference; lastKnownFileType = sourcecode.c.h; path = ViewController.h; sourceTree = "<group>"; };
		86582DD91B8FB54E00DE0D2F /* ViewController.m */ = {isa = PBXFileReference; lastKnownFileType = sourcecode.c.objc; path = ViewController.m; sourceTree = "<group>"; };
		86582DDE1B8FB54E00DE0D2F /* Images.xcassets */ = {isa = PBXFileReference; lastKnownFileType = folder.assetcatalog; path = Images.xcassets; sourceTree = "<group>"; };
		86582DE11B8FB54E00DE0D2F /* Base */ = {isa = PBXFileReference; lastKnownFileType = file.xib; name = Base; path = Base.lproj/LaunchScreen.xib; sourceTree = "<group>"; };
		86582DE71B8FB54E00DE0D2F /* MinesTests.xctest */ = {isa = PBXFileReference; explicitFileType = wrapper.cfbundle; includeInIndex = 0; path = MinesTests.xctest; sourceTree = BUILT_PRODUCTS_DIR; };
		86582DEC1B8FB54E00DE0D2F /* Info.plist */ = {isa = PBXFileReference; lastKnownFileType = text.plist.xml; path = Info.plist; sourceTree = "<group>"; };
		86582DED1B8FB54E00DE0D2F /* MinesTests.m */ = {isa = PBXFileReference; lastKnownFileType = sourcecode.c.objc; path = MinesTests.m; sourceTree = "<group>"; };
		86582DF71B90CCB200DE0D2F /* MyGameViewController.h */ = {isa = PBXFileReference; fileEncoding = 4; lastKnownFileType = sourcecode.c.h; path = MyGameViewController.h; sourceTree = "<group>"; };
		86582DF81B90CCB200DE0D2F /* MyGameViewController.m */ = {isa = PBXFileReference; fileEncoding = 4; lastKnownFileType = sourcecode.c.objc; path = MyGameViewController.m; sourceTree = "<group>"; };
		86582DFA1B90CCC400DE0D2F /* UIBoard.h */ = {isa = PBXFileReference; fileEncoding = 4; lastKnownFileType = sourcecode.c.h; path = UIBoard.h; sourceTree = "<group>"; };
		86582DFB1B90CCC400DE0D2F /* UIBoard.m */ = {isa = PBXFileReference; fileEncoding = 4; lastKnownFileType = sourcecode.c.objc; path = UIBoard.m; sourceTree = "<group>"; };
		86582DFD1B90CDB900DE0D2F /* Main.storyboard */ = {isa = PBXFileReference; fileEncoding = 4; lastKnownFileType = file.storyboard; path = Main.storyboard; sourceTree = "<group>"; };
		868751BA1C372F0D00D5FE91 /* DIGITALDREAM.ttf */ = {isa = PBXFileReference; lastKnownFileType = file; name = DIGITALDREAM.ttf; path = Mines/DIGITALDREAM.ttf; sourceTree = "<group>"; };
		912458F0BC9F57B4088F8036 /* libPods-Mines.a */ = {isa = PBXFileReference; explicitFileType = archive.ar; includeInIndex = 0; path = "libPods-Mines.a"; sourceTree = BUILT_PRODUCTS_DIR; };
		D785AADC71AAC44EB261C5A7 /* libPods-MinesTests.a */ = {isa = PBXFileReference; explicitFileType = archive.ar; includeInIndex = 0; path = "libPods-MinesTests.a"; sourceTree = BUILT_PRODUCTS_DIR; };
		F02260F4E5C686BF3CD9102A /* Pods-Mines.debug.xcconfig */ = {isa = PBXFileReference; includeInIndex = 1; lastKnownFileType = text.xcconfig; name = "Pods-Mines.debug.xcconfig"; path = "Pods/Target Support Files/Pods-Mines/Pods-Mines.debug.xcconfig"; sourceTree = "<group>"; };
/* End PBXFileReference section */

/* Begin PBXFrameworksBuildPhase section */
		86582DCB1B8FB54E00DE0D2F /* Frameworks */ = {
			isa = PBXFrameworksBuildPhase;
			buildActionMask = 2147483647;
			files = (
				7909C6601FDB0C3A0070A88E /* libiconv.tbd in Frameworks */,
				7909C65E1FDB0BBE0070A88E /* JRE.framework in Frameworks */,
			);
			runOnlyForDeploymentPostprocessing = 0;
		};
		86582DE41B8FB54E00DE0D2F /* Frameworks */ = {
			isa = PBXFrameworksBuildPhase;
			buildActionMask = 2147483647;
			files = (
			);
			runOnlyForDeploymentPostprocessing = 0;
		};
/* End PBXFrameworksBuildPhase section */

/* Begin PBXGroup section */
		7909C65C1FDB0BBE0070A88E /* Frameworks */ = {
			isa = PBXGroup;
			children = (
				7909C65F1FDB0C3A0070A88E /* libiconv.tbd */,
				7909C65D1FDB0BBE0070A88E /* JRE.framework */,
			);
			name = Frameworks;
			sourceTree = "<group>";
		};
		86582DC51B8FB54E00DE0D2F = {
			isa = PBXGroup;
			children = (
				7972910C1FDB3EEB0095847A /* Board.java */,
				7972910D1FDB3EEB0095847A /* BoardState.java */,
				7972910B1FDB3EEB0095847A /* ExcludeNeighborsBoardMiner.java */,
				797291091FDB3EEB0095847A /* Field.java */,
				797291081FDB3EEA0095847A /* Game.java */,
				7972910F1FDB3EEB0095847A /* GameState.java */,
				797291071FDB3EEA0095847A /* IBoardMiner.java */,
				797291041FDB3EEA0095847A /* InitialBoardState.java */,
				7972910A1FDB3EEB0095847A /* InitialGameState.java */,
				7972910E1FDB3EEB0095847A /* SimpleBoardMiner.java */,
				797291051FDB3EEA0095847A /* StatePersistence.java */,
				797291061FDB3EEA0095847A /* StopWatch.java */,
				797290ED1FDB3EC30095847A /* GameFactory.java */,
				797290F01FDB3EC30095847A /* IBoard.java */,
				797290F71FDB3EC40095847A /* IField.java */,
				797290F61FDB3EC40095847A /* IFieldListener.java */,
				797290F41FDB3EC40095847A /* IGame.java */,
				797290EF1FDB3EC30095847A /* IMinesGameListener.java */,
				797290F21FDB3EC30095847A /* IStopWatch.java */,
				797290F11FDB3EC30095847A /* IStopWatchListener.java */,
				797290F31FDB3EC40095847A /* MinesGameAdapter.java */,
				797290F51FDB3EC40095847A /* Point.java */,
				797290EE1FDB3EC30095847A /* SimpleFieldListener.java */,
				797290EC1FDB3EC30095847A /* SimpleGameFactory.java */,
				868751BA1C372F0D00D5FE91 /* DIGITALDREAM.ttf */,
				86582DD01B8FB54E00DE0D2F /* Mines */,
				86582DEA1B8FB54E00DE0D2F /* MinesTests */,
				86582DCF1B8FB54E00DE0D2F /* Products */,
				7909C65C1FDB0BBE0070A88E /* Frameworks */,
			);
			sourceTree = "<group>";
		};
		86582DCF1B8FB54E00DE0D2F /* Products */ = {
			isa = PBXGroup;
			children = (
				86582DCE1B8FB54E00DE0D2F /* Mines.app */,
				86582DE71B8FB54E00DE0D2F /* MinesTests.xctest */,
			);
			name = Products;
			sourceTree = "<group>";
		};
		86582DD01B8FB54E00DE0D2F /* Mines */ = {
			isa = PBXGroup;
			children = (
				86582DFD1B90CDB900DE0D2F /* Main.storyboard */,
				86582DFA1B90CCC400DE0D2F /* UIBoard.h */,
				86582DFB1B90CCC400DE0D2F /* UIBoard.m */,
				86582DF71B90CCB200DE0D2F /* MyGameViewController.h */,
				86582DF81B90CCB200DE0D2F /* MyGameViewController.m */,
				86582DD51B8FB54E00DE0D2F /* AppDelegate.h */,
				86582DD61B8FB54E00DE0D2F /* AppDelegate.m */,
				86582DD81B8FB54E00DE0D2F /* ViewController.h */,
				86582DD91B8FB54E00DE0D2F /* ViewController.m */,
				86582DDE1B8FB54E00DE0D2F /* Images.xcassets */,
				86582DE01B8FB54E00DE0D2F /* LaunchScreen.xib */,
				86582DD11B8FB54E00DE0D2F /* Supporting Files */,
			);
			path = Mines;
			sourceTree = "<group>";
		};
		86582DD11B8FB54E00DE0D2F /* Supporting Files */ = {
			isa = PBXGroup;
			children = (
				86582DD21B8FB54E00DE0D2F /* Info.plist */,
				86582DD31B8FB54E00DE0D2F /* main.m */,
			);
			name = "Supporting Files";
			sourceTree = "<group>";
		};
		86582DEA1B8FB54E00DE0D2F /* MinesTests */ = {
			isa = PBXGroup;
			children = (
				86582DED1B8FB54E00DE0D2F /* MinesTests.m */,
				86582DEB1B8FB54E00DE0D2F /* Supporting Files */,
			);
			path = MinesTests;
			sourceTree = "<group>";
		};
		86582DEB1B8FB54E00DE0D2F /* Supporting Files */ = {
			isa = PBXGroup;
			children = (
				86582DEC1B8FB54E00DE0D2F /* Info.plist */,
			);
			name = "Supporting Files";
			sourceTree = "<group>";
		};
/* End PBXGroup section */

/* Begin PBXNativeTarget section */
		86582DCD1B8FB54E00DE0D2F /* Mines */ = {
			isa = PBXNativeTarget;
			buildConfigurationList = 86582DF11B8FB54E00DE0D2F /* Build configuration list for PBXNativeTarget "Mines" */;
			buildPhases = (
				86582DCA1B8FB54E00DE0D2F /* Sources */,
				86582DCB1B8FB54E00DE0D2F /* Frameworks */,
				86582DCC1B8FB54E00DE0D2F /* Resources */,
			);
			buildRules = (
				7909C62B1FDAFF960070A88E /* PBXBuildRule */,
			);
			dependencies = (
			);
			name = Mines;
			productName = Mines;
			productReference = 86582DCE1B8FB54E00DE0D2F /* Mines.app */;
			productType = "com.apple.product-type.application";
		};
		86582DE61B8FB54E00DE0D2F /* MinesTests */ = {
			isa = PBXNativeTarget;
			buildConfigurationList = 86582DF41B8FB54E00DE0D2F /* Build configuration list for PBXNativeTarget "MinesTests" */;
			buildPhases = (
				86582DE31B8FB54E00DE0D2F /* Sources */,
				86582DE41B8FB54E00DE0D2F /* Frameworks */,
				86582DE51B8FB54E00DE0D2F /* Resources */,
			);
			buildRules = (
			);
			dependencies = (
				86582DE91B8FB54E00DE0D2F /* PBXTargetDependency */,
			);
			name = MinesTests;
			productName = MinesTests;
			productReference = 86582DE71B8FB54E00DE0D2F /* MinesTests.xctest */;
			productType = "com.apple.product-type.bundle.unit-test";
		};
/* End PBXNativeTarget section */

/* Begin PBXProject section */
		86582DC61B8FB54E00DE0D2F /* Project object */ = {
			isa = PBXProject;
			attributes = {
				LastUpgradeCheck = 0920;
				ORGANIZATIONNAME = devisnik;
				TargetAttributes = {
					86582DCD1B8FB54E00DE0D2F = {
						CreatedOnToolsVersion = 6.4;
						DevelopmentTeam = 5GXMCBVRWY;
					};
					86582DE61B8FB54E00DE0D2F = {
						CreatedOnToolsVersion = 6.4;
						TestTargetID = 86582DCD1B8FB54E00DE0D2F;
					};
				};
			};
			buildConfigurationList = 86582DC91B8FB54E00DE0D2F /* Build configuration list for PBXProject "Mines" */;
			compatibilityVersion = "Xcode 3.2";
			developmentRegion = English;
			hasScannedForEncodings = 0;
			knownRegions = (
				en,
				Base,
			);
			mainGroup = 86582DC51B8FB54E00DE0D2F;
			productRefGroup = 86582DCF1B8FB54E00DE0D2F /* Products */;
			projectDirPath = "";
			projectRoot = "";
			targets = (
				86582DCD1B8FB54E00DE0D2F /* Mines */,
				86582DE61B8FB54E00DE0D2F /* MinesTests */,
			);
		};
/* End PBXProject section */

/* Begin PBXResourcesBuildPhase section */
		86582DCC1B8FB54E00DE0D2F /* Resources */ = {
			isa = PBXResourcesBuildPhase;
			buildActionMask = 2147483647;
			files = (
				86582DFE1B90CDB900DE0D2F /* Main.storyboard in Resources */,
				86582DE21B8FB54E00DE0D2F /* LaunchScreen.xib in Resources */,
				86582DDF1B8FB54E00DE0D2F /* Images.xcassets in Resources */,
				868751BB1C372F0D00D5FE91 /* DIGITALDREAM.ttf in Resources */,
			);
			runOnlyForDeploymentPostprocessing = 0;
		};
		86582DE51B8FB54E00DE0D2F /* Resources */ = {
			isa = PBXResourcesBuildPhase;
			buildActionMask = 2147483647;
			files = (
			);
			runOnlyForDeploymentPostprocessing = 0;
		};
/* End PBXResourcesBuildPhase section */

/* Begin PBXSourcesBuildPhase section */
		86582DCA1B8FB54E00DE0D2F /* Sources */ = {
			isa = PBXSourcesBuildPhase;
			buildActionMask = 2147483647;
			files = (
				797291101FDB3EEB0095847A /* InitialBoardState.java in Sources */,
				797291111FDB3EEB0095847A /* StatePersistence.java in Sources */,
				797291121FDB3EEB0095847A /* StopWatch.java in Sources */,
				797291131FDB3EEB0095847A /* IBoardMiner.java in Sources */,
				797291141FDB3EEB0095847A /* Game.java in Sources */,
				797291151FDB3EEB0095847A /* Field.java in Sources */,
				797291161FDB3EEB0095847A /* InitialGameState.java in Sources */,
				797291171FDB3EEB0095847A /* ExcludeNeighborsBoardMiner.java in Sources */,
				797291181FDB3EEB0095847A /* Board.java in Sources */,
				797291191FDB3EEB0095847A /* BoardState.java in Sources */,
				7972911A1FDB3EEB0095847A /* SimpleBoardMiner.java in Sources */,
				7972911B1FDB3EEB0095847A /* GameState.java in Sources */,
				797290F81FDB3EC40095847A /* SimpleGameFactory.java in Sources */,
				797290F91FDB3EC40095847A /* GameFactory.java in Sources */,
				797290FA1FDB3EC40095847A /* SimpleFieldListener.java in Sources */,
				797290FB1FDB3EC40095847A /* IMinesGameListener.java in Sources */,
				797290FC1FDB3EC40095847A /* IBoard.java in Sources */,
				797290FD1FDB3EC40095847A /* IStopWatchListener.java in Sources */,
				797290FE1FDB3EC40095847A /* IStopWatch.java in Sources */,
				797290FF1FDB3EC40095847A /* MinesGameAdapter.java in Sources */,
				797291001FDB3EC40095847A /* IGame.java in Sources */,
				797291011FDB3EC40095847A /* Point.java in Sources */,
				797291021FDB3EC40095847A /* IFieldListener.java in Sources */,
				797291031FDB3EC40095847A /* IField.java in Sources */,
				86582DF91B90CCB200DE0D2F /* MyGameViewController.m in Sources */,
				86582DDA1B8FB54E00DE0D2F /* ViewController.m in Sources */,
				86582DD71B8FB54E00DE0D2F /* AppDelegate.m in Sources */,
				86582DD41B8FB54E00DE0D2F /* main.m in Sources */,
				86582DFC1B90CCC400DE0D2F /* UIBoard.m in Sources */,
			);
			runOnlyForDeploymentPostprocessing = 0;
		};
		86582DE31B8FB54E00DE0D2F /* Sources */ = {
			isa = PBXSourcesBuildPhase;
			buildActionMask = 2147483647;
			files = (
				86582DEE1B8FB54E00DE0D2F /* MinesTests.m in Sources */,
			);
			runOnlyForDeploymentPostprocessing = 0;
		};
/* End PBXSourcesBuildPhase section */

/* Begin PBXTargetDependency section */
		86582DE91B8FB54E00DE0D2F /* PBXTargetDependency */ = {
			isa = PBXTargetDependency;
			target = 86582DCD1B8FB54E00DE0D2F /* Mines */;
			targetProxy = 86582DE81B8FB54E00DE0D2F /* PBXContainerItemProxy */;
		};
/* End PBXTargetDependency section */

/* Begin PBXVariantGroup section */
		86582DE01B8FB54E00DE0D2F /* LaunchScreen.xib */ = {
			isa = PBXVariantGroup;
			children = (
				86582DE11B8FB54E00DE0D2F /* Base */,
			);
			name = LaunchScreen.xib;
			sourceTree = "<group>";
		};
/* End PBXVariantGroup section */

/* Begin XCBuildConfiguration section */
		86582DEF1B8FB54E00DE0D2F /* Debug */ = {
			isa = XCBuildConfiguration;
			buildSettings = {
				ALWAYS_SEARCH_USER_PATHS = NO;
				CLANG_CXX_LANGUAGE_STANDARD = "gnu++0x";
				CLANG_CXX_LIBRARY = "libc++";
				CLANG_ENABLE_MODULES = YES;
				CLANG_ENABLE_OBJC_ARC = YES;
				CLANG_WARN_BLOCK_CAPTURE_AUTORELEASING = YES;
				CLANG_WARN_BOOL_CONVERSION = YES;
				CLANG_WARN_COMMA = YES;
				CLANG_WARN_CONSTANT_CONVERSION = YES;
				CLANG_WARN_DIRECT_OBJC_ISA_USAGE = YES_ERROR;
				CLANG_WARN_EMPTY_BODY = YES;
				CLANG_WARN_ENUM_CONVERSION = YES;
				CLANG_WARN_INFINITE_RECURSION = YES;
				CLANG_WARN_INT_CONVERSION = YES;
				CLANG_WARN_NON_LITERAL_NULL_CONVERSION = YES;
				CLANG_WARN_OBJC_LITERAL_CONVERSION = YES;
				CLANG_WARN_OBJC_ROOT_CLASS = YES_ERROR;
				CLANG_WARN_RANGE_LOOP_ANALYSIS = YES;
				CLANG_WARN_STRICT_PROTOTYPES = YES;
				CLANG_WARN_SUSPICIOUS_MOVE = YES;
				CLANG_WARN_UNREACHABLE_CODE = YES;
				CLANG_WARN__DUPLICATE_METHOD_MATCH = YES;
				"CODE_SIGN_IDENTITY[sdk=iphoneos*]" = "iPhone Developer";
				COPY_PHASE_STRIP = NO;
				DEBUG_INFORMATION_FORMAT = "dwarf-with-dsym";
				ENABLE_STRICT_OBJC_MSGSEND = YES;
				ENABLE_TESTABILITY = YES;
				GCC_C_LANGUAGE_STANDARD = gnu99;
				GCC_DYNAMIC_NO_PIC = NO;
				GCC_NO_COMMON_BLOCKS = YES;
				GCC_OPTIMIZATION_LEVEL = 0;
				GCC_PREPROCESSOR_DEFINITIONS = (
					"DEBUG=1",
					"$(inherited)",
				);
				GCC_SYMBOLS_PRIVATE_EXTERN = NO;
				GCC_WARN_64_TO_32_BIT_CONVERSION = YES;
				GCC_WARN_ABOUT_RETURN_TYPE = YES_ERROR;
				GCC_WARN_UNDECLARED_SELECTOR = YES;
				GCC_WARN_UNINITIALIZED_AUTOS = YES_AGGRESSIVE;
				GCC_WARN_UNUSED_FUNCTION = YES;
				GCC_WARN_UNUSED_VARIABLE = YES;
				IPHONEOS_DEPLOYMENT_TARGET = 8.4;
				MTL_ENABLE_DEBUG_INFO = YES;
				ONLY_ACTIVE_ARCH = YES;
				SDKROOT = iphoneos;
			};
			name = Debug;
		};
		86582DF01B8FB54E00DE0D2F /* Release */ = {
			isa = XCBuildConfiguration;
			buildSettings = {
				ALWAYS_SEARCH_USER_PATHS = NO;
				CLANG_CXX_LANGUAGE_STANDARD = "gnu++0x";
				CLANG_CXX_LIBRARY = "libc++";
				CLANG_ENABLE_MODULES = YES;
				CLANG_ENABLE_OBJC_ARC = YES;
				CLANG_WARN_BLOCK_CAPTURE_AUTORELEASING = YES;
				CLANG_WARN_BOOL_CONVERSION = YES;
				CLANG_WARN_COMMA = YES;
				CLANG_WARN_CONSTANT_CONVERSION = YES;
				CLANG_WARN_DIRECT_OBJC_ISA_USAGE = YES_ERROR;
				CLANG_WARN_EMPTY_BODY = YES;
				CLANG_WARN_ENUM_CONVERSION = YES;
				CLANG_WARN_INFINITE_RECURSION = YES;
				CLANG_WARN_INT_CONVERSION = YES;
				CLANG_WARN_NON_LITERAL_NULL_CONVERSION = YES;
				CLANG_WARN_OBJC_LITERAL_CONVERSION = YES;
				CLANG_WARN_OBJC_ROOT_CLASS = YES_ERROR;
				CLANG_WARN_RANGE_LOOP_ANALYSIS = YES;
				CLANG_WARN_STRICT_PROTOTYPES = YES;
				CLANG_WARN_SUSPICIOUS_MOVE = YES;
				CLANG_WARN_UNREACHABLE_CODE = YES;
				CLANG_WARN__DUPLICATE_METHOD_MATCH = YES;
				"CODE_SIGN_IDENTITY[sdk=iphoneos*]" = "iPhone Developer";
				COPY_PHASE_STRIP = NO;
				DEBUG_INFORMATION_FORMAT = "dwarf-with-dsym";
				ENABLE_NS_ASSERTIONS = NO;
				ENABLE_STRICT_OBJC_MSGSEND = YES;
				GCC_C_LANGUAGE_STANDARD = gnu99;
				GCC_NO_COMMON_BLOCKS = YES;
				GCC_WARN_64_TO_32_BIT_CONVERSION = YES;
				GCC_WARN_ABOUT_RETURN_TYPE = YES_ERROR;
				GCC_WARN_UNDECLARED_SELECTOR = YES;
				GCC_WARN_UNINITIALIZED_AUTOS = YES_AGGRESSIVE;
				GCC_WARN_UNUSED_FUNCTION = YES;
				GCC_WARN_UNUSED_VARIABLE = YES;
				IPHONEOS_DEPLOYMENT_TARGET = 8.4;
				MTL_ENABLE_DEBUG_INFO = NO;
				SDKROOT = iphoneos;
				VALIDATE_PRODUCT = YES;
			};
			name = Release;
		};
		86582DF21B8FB54E00DE0D2F /* Debug */ = {
			isa = XCBuildConfiguration;
			buildSettings = {
				ASSETCATALOG_COMPILER_APPICON_NAME = AppIcon;
				FRAMEWORK_SEARCH_PATHS = "${J2OBJC_HOME}/frameworks";
				HEADER_SEARCH_PATHS = "${J2OBJC_HOME}/frameworks/JRE.framework/Headers";
				ENABLE_BITCODE = NO;
				INFOPLIST_FILE = Mines/Info.plist;
				J2OBJC_HOME = "/Users/urso/Downloads/j2objc-2.0.5";
				LD_RUNPATH_SEARCH_PATHS = "$(inherited) @executable_path/Frameworks";
				LIBRARY_SEARCH_PATHS = "${J2OBJC_HOME}/lib";
				OTHER_LDFLAGS = "-ljre_emul";
				PRODUCT_BUNDLE_IDENTIFIER = "de.devisnik.$(PRODUCT_NAME:rfc1034identifier)";
				PRODUCT_NAME = "$(TARGET_NAME)";
				PROVISIONING_PROFILE = "";
				TARGETED_DEVICE_FAMILY = 1;
				USER_HEADER_SEARCH_PATHS = "${J2OBJC_HOME}/include";
			};
			name = Debug;
		};
		86582DF31B8FB54E00DE0D2F /* Release */ = {
			isa = XCBuildConfiguration;
			buildSettings = {
				ASSETCATALOG_COMPILER_APPICON_NAME = AppIcon;
				FRAMEWORK_SEARCH_PATHS = "${J2OBJC_HOME}/frameworks";
				HEADER_SEARCH_PATHS = "${J2OBJC_HOME}/frameworks/JRE.framework/Headers";
				ENABLE_BITCODE = NO;
				INFOPLIST_FILE = Mines/Info.plist;
				J2OBJC_HOME = "/Users/urso/Downloads/j2objc-2.0.5";
				LD_RUNPATH_SEARCH_PATHS = "$(inherited) @executable_path/Frameworks";
				LIBRARY_SEARCH_PATHS = "${J2OBJC_HOME}/lib";
				OTHER_LDFLAGS = "-ljre_emul";
				PRODUCT_BUNDLE_IDENTIFIER = "de.devisnik.$(PRODUCT_NAME:rfc1034identifier)";
				PRODUCT_NAME = "$(TARGET_NAME)";
				PROVISIONING_PROFILE = "";
				TARGETED_DEVICE_FAMILY = 1;
				USER_HEADER_SEARCH_PATHS = "${J2OBJC_HOME}/include";
			};
			name = Release;
		};
		86582DF51B8FB54E00DE0D2F /* Debug */ = {
			isa = XCBuildConfiguration;
			buildSettings = {
				BUNDLE_LOADER = "$(TEST_HOST)";
				FRAMEWORK_SEARCH_PATHS = (
					"$(SDKROOT)/Developer/Library/Frameworks",
					"$(inherited)",
				);
				GCC_PREPROCESSOR_DEFINITIONS = (
					"DEBUG=1",
					"$(inherited)",
				);
				INFOPLIST_FILE = MinesTests/Info.plist;
				LD_RUNPATH_SEARCH_PATHS = "$(inherited) @executable_path/Frameworks @loader_path/Frameworks";
				PRODUCT_BUNDLE_IDENTIFIER = "de.devisnik.$(PRODUCT_NAME:rfc1034identifier)";
				PRODUCT_NAME = "$(TARGET_NAME)";
				TEST_HOST = "$(BUILT_PRODUCTS_DIR)/Mines.app/Mines";
			};
			name = Debug;
		};
		86582DF61B8FB54E00DE0D2F /* Release */ = {
			isa = XCBuildConfiguration;
			buildSettings = {
				BUNDLE_LOADER = "$(TEST_HOST)";
				FRAMEWORK_SEARCH_PATHS = (
					"$(SDKROOT)/Developer/Library/Frameworks",
					"$(inherited)",
				);
				INFOPLIST_FILE = MinesTests/Info.plist;
				LD_RUNPATH_SEARCH_PATHS = "$(inherited) @executable_path/Frameworks @loader_path/Frameworks";
				PRODUCT_BUNDLE_IDENTIFIER = "de.devisnik.$(PRODUCT_NAME:rfc1034identifier)";
				PRODUCT_NAME = "$(TARGET_NAME)";
				TEST_HOST = "$(BUILT_PRODUCTS_DIR)/Mines.app/Mines";
			};
			name = Release;
		};
/* End XCBuildConfiguration section */

/* Begin XCConfigurationList section */
		86582DC91B8FB54E00DE0D2F /* Build configuration list for PBXProject "Mines" */ = {
			isa = XCConfigurationList;
			buildConfigurations = (
				86582DEF1B8FB54E00DE0D2F /* Debug */,
				86582DF01B8FB54E00DE0D2F /* Release */,
			);
			defaultConfigurationIsVisible = 0;
			defaultConfigurationName = Debug;
		};
		86582DF11B8FB54E00DE0D2F /* Build configuration list for PBXNativeTarget "Mines" */ = {
			isa = XCConfigurationList;
			buildConfigurations = (
				86582DF21B8FB54E00DE0D2F /* Debug */,
				86582DF31B8FB54E00DE0D2F /* Release */,
			);
			defaultConfigurationIsVisible = 0;
			defaultConfigurationName = Debug;
		};
		86582DF41B8FB54E00DE0D2F /* Build configuration list for PBXNativeTarget "MinesTests" */ = {
			isa = XCConfigurationList;
			buildConfigurations = (
				86582DF51B8FB54E00DE0D2F /* Debug */,
				86582DF61B8FB54E00DE0D2F /* Release */,
			);
			defaultConfigurationIsVisible = 0;
			defaultConfigurationName = Debug;
		};
/* End XCConfigurationList section */
	};
	rootObject = 86582DC61B8FB54E00DE0D2F /* Project object */;
}
