PODS:
  - j2objc-model-debug (1.0)
  - j2objc-model-release (1.0)

DEPENDENCIES:
  - j2objc-model-debug (from `../model/build`)
  - j2objc-model-release (from `../model/build`)

EXTERNAL SOURCES:
  j2objc-model-debug:
    :path: ../model/build
  j2objc-model-release:
    :path: ../model/build

SPEC CHECKSUMS:
  j2objc-model-debug: cdec998c87261b2fd4404b9a7d0728765298f4e5
  j2objc-model-release: e6c2b28642ff1236fef4ada51c9bba231e84d2a6

COCOAPODS: 0.38.2
